// !$*UTF8*$!
{
	archiveVersion = 1;
	classes = {
	};
	objectVersion = 56;
	objects = {

/* Begin PBXBuildFile section */
		8E83D1FE2C66AD1500DF00BC /* MoexcalculatorApp.swift in Sources */ = {isa = PBXBuildFile; fileRef = 8E83D1FD2C66AD1500DF00BC /* MoexcalculatorApp.swift */; };
		8E83D2022C66AD1500DF00BC /* Assets.xcassets in Resources */ = {isa = PBXBuildFile; fileRef = 8E83D2012C66AD1500DF00BC /* Assets.xcassets */; };
		8E83D2052C66AD1500DF00BC /* Preview Assets.xcassets in Resources */ = {isa = PBXBuildFile; fileRef = 8E83D2042C66AD1500DF00BC /* Preview Assets.xcassets */; };
		8E83D20C2C66AFED00DF00BC /* Currency.swift in Sources */ = {isa = PBXBuildFile; fileRef = 8E83D20B2C66AFED00DF00BC /* Currency.swift */; };
		8E83D20F2C66B0EA00DF00BC /* CalculatorModel.swift in Sources */ = {isa = PBXBuildFile; fileRef = 8E83D20E2C66B0EA00DF00BC /* CalculatorModel.swift */; };
		8E83D2112C66B1C700DF00BC /* CalculatorViewModel.swif.swift in Sources */ = {isa = PBXBuildFile; fileRef = 8E83D2102C66B1C700DF00BC /* CalculatorViewModel.swif.swift */; };
		8E83D2132C66B29400DF00BC /*  CalculatorView.swift .swift in Sources */ = {isa = PBXBuildFile; fileRef = 8E83D2122C66B29400DF00BC /*  CalculatorView.swift .swift */; };
/* End PBXBuildFile section */

/* Begin PBXFileReference section */
		8E83D1FA2C66AD1500DF00BC /* Moexcalculator.app */ = {isa = PBXFileReference; explicitFileType = wrapper.application; includeInIndex = 0; path = Moexcalculator.app; sourceTree = BUILT_PRODUCTS_DIR; };
		8E83D1FD2C66AD1500DF00BC /* MoexcalculatorApp.swift */ = {isa = PBXFileReference; lastKnownFileType = sourcecode.swift; path = MoexcalculatorApp.swift; sourceTree = "<group>"; };
		8E83D2012C66AD1500DF00BC /* Assets.xcassets */ = {isa = PBXFileReference; lastKnownFileType = folder.assetcatalog; path = Assets.xcassets; sourceTree = "<group>"; };
		8E83D2042C66AD1500DF00BC /* Preview Assets.xcassets */ = {isa = PBXFileReference; lastKnownFileType = folder.assetcatalog; path = "Preview Assets.xcassets"; sourceTree = "<group>"; };
		8E83D20B2C66AFED00DF00BC /* Currency.swift */ = {isa = PBXFileReference; lastKnownFileType = sourcecode.swift; path = Currency.swift; sourceTree = "<group>"; };
		8E83D20E2C66B0EA00DF00BC /* CalculatorModel.swift */ = {isa = PBXFileReference; lastKnownFileType = sourcecode.swift; path = CalculatorModel.swift; sourceTree = "<group>"; };
		8E83D2102C66B1C700DF00BC /* CalculatorViewModel.swif.swift */ = {isa = PBXFileReference; lastKnownFileType = sourcecode.swift; path = CalculatorViewModel.swif.swift; sourceTree = "<group>"; };
		8E83D2122C66B29400DF00BC /*  CalculatorView.swift .swift */ = {isa = PBXFileReference; lastKnownFileType = sourcecode.swift; path = " CalculatorView.swift .swift"; sourceTree = "<group>"; };
/* End PBXFileReference section */

/* Begin PBXFrameworksBuildPhase section */
		8E83D1F72C66AD1500DF00BC /* Frameworks */ = {
			isa = PBXFrameworksBuildPhase;
			buildActionMask = 2147483647;
			files = (
			);
			runOnlyForDeploymentPostprocessing = 0;
		};
/* End PBXFrameworksBuildPhase section */

/* Begin PBXGroup section */
		8E83D1F12C66AD1500DF00BC = {
			isa = PBXGroup;
			children = (
				8E83D1FC2C66AD1500DF00BC /* Moexcalculator */,
				8E83D1FB2C66AD1500DF00BC /* Products */,
			);
			sourceTree = "<group>";
		};
		8E83D1FB2C66AD1500DF00BC /* Products */ = {
			isa = PBXGroup;
			children = (
				8E83D1FA2C66AD1500DF00BC /* Moexcalculator.app */,
			);
			name = Products;
			sourceTree = "<group>";
		};
		8E83D1FC2C66AD1500DF00BC /* Moexcalculator */ = {
			isa = PBXGroup;
			children = (
				8E83D20D2C66B0DF00DF00BC /* MVVM */,
				8E83D1FD2C66AD1500DF00BC /* MoexcalculatorApp.swift */,
				8E83D2122C66B29400DF00BC /*  CalculatorView.swift .swift */,
				8E83D20B2C66AFED00DF00BC /* Currency.swift */,
				8E83D2012C66AD1500DF00BC /* Assets.xcassets */,
				8E83D2032C66AD1500DF00BC /* Preview Content */,
			);
			path = Moexcalculator;
			sourceTree = "<group>";
		};
		8E83D2032C66AD1500DF00BC /* Preview Content */ = {
			isa = PBXGroup;
			children = (
				8E83D2042C66AD1500DF00BC /* Preview Assets.xcassets */,
			);
			path = "Preview Content";
			sourceTree = "<group>";
		};
		8E83D20D2C66B0DF00DF00BC /* MVVM */ = {
			isa = PBXGroup;
			children = (
				8E83D20E2C66B0EA00DF00BC /* CalculatorModel.swift */,
				8E83D2102C66B1C700DF00BC /* CalculatorViewModel.swif.swift */,
			);
			path = MVVM;
			sourceTree = "<group>";
		};
/* End PBXGroup section */

/* Begin PBXNativeTarget section */
		8E83D1F92C66AD1500DF00BC /* Moexcalculator */ = {
			isa = PBXNativeTarget;
			buildConfigurationList = 8E83D2082C66AD1500DF00BC /* Build configuration list for PBXNativeTarget "Moexcalculator" */;
			buildPhases = (
				8E83D1F62C66AD1500DF00BC /* Sources */,
				8E83D1F72C66AD1500DF00BC /* Frameworks */,
				8E83D1F82C66AD1500DF00BC /* Resources */,
			);
			buildRules = (
			);
			dependencies = (
			);
			name = Moexcalculator;
			productName = Moexcalculator;
			productReference = 8E83D1FA2C66AD1500DF00BC /* Moexcalculator.app */;
			productType = "com.apple.product-type.application";
		};
/* End PBXNativeTarget section */

/* Begin PBXProject section */
		8E83D1F22C66AD1500DF00BC /* Project object */ = {
			isa = PBXProject;
			attributes = {
				BuildIndependentTargetsInParallel = 1;
				LastSwiftUpdateCheck = 1430;
				LastUpgradeCheck = 1430;
				TargetAttributes = {
					8E83D1F92C66AD1500DF00BC = {
						CreatedOnToolsVersion = 14.3.1;
					};
				};
			};
			buildConfigurationList = 8E83D1F52C66AD1500DF00BC /* Build configuration list for PBXProject "Moexcalculator" */;
			compatibilityVersion = "Xcode 14.0";
			developmentRegion = en;
			hasScannedForEncodings = 0;
			knownRegions = (
				en,
				Base,
			);
			mainGroup = 8E83D1F12C66AD1500DF00BC;
			productRefGroup = 8E83D1FB2C66AD1500DF00BC /* Products */;
			projectDirPath = "";
			projectRoot = "";
			targets = (
				8E83D1F92C66AD1500DF00BC /* Moexcalculator */,
			);
		};
/* End PBXProject section */

/* Begin PBXResourcesBuildPhase section */
		8E83D1F82C66AD1500DF00BC /* Resources */ = {
			isa = PBXResourcesBuildPhase;
			buildActionMask = 2147483647;
			files = (
				8E83D2052C66AD1500DF00BC /* Preview Assets.xcassets in Resources */,
				8E83D2022C66AD1500DF00BC /* Assets.xcassets in Resources */,
			);
			runOnlyForDeploymentPostprocessing = 0;
		};
/* End PBXResourcesBuildPhase section */

/* Begin PBXSourcesBuildPhase section */
		8E83D1F62C66AD1500DF00BC /* Sources */ = {
			isa = PBXSourcesBuildPhase;
			buildActionMask = 2147483647;
			files = (
				8E83D20C2C66AFED00DF00BC /* Currency.swift in Sources */,
				8E83D1FE2C66AD1500DF00BC /* MoexcalculatorApp.swift in Sources */,
				8E83D2132C66B29400DF00BC /*  CalculatorView.swift .swift in Sources */,
				8E83D2112C66B1C700DF00BC /* CalculatorViewModel.swif.swift in Sources */,
				8E83D20F2C66B0EA00DF00BC /* CalculatorModel.swift in Sources */,
			);
			runOnlyForDeploymentPostprocessing = 0;
		};
/* End PBXSourcesBuildPhase section */

/* Begin XCBuildConfiguration section */
		8E83D2062C66AD1500DF00BC /* Debug */ = {
			isa = XCBuildConfiguration;
			buildSettings = {
				ALWAYS_SEARCH_USER_PATHS = NO;
				CLANG_ANALYZER_NONNULL = YES;
				CLANG_ANALYZER_NUMBER_OBJECT_CONVERSION = YES_AGGRESSIVE;
				CLANG_CXX_LANGUAGE_STANDARD = "gnu++20";
				CLANG_ENABLE_MODULES = YES;
				CLANG_ENABLE_OBJC_ARC = YES;
				CLANG_ENABLE_OBJC_WEAK = YES;
				CLANG_WARN_BLOCK_CAPTURE_AUTORELEASING = YES;
				CLANG_WARN_BOOL_CONVERSION = YES;
				CLANG_WARN_COMMA = YES;
				CLANG_WARN_CONSTANT_CONVERSION = YES;
				CLANG_WARN_DEPRECATED_OBJC_IMPLEMENTATIONS = YES;
				CLANG_WARN_DIRECT_OBJC_ISA_USAGE = YES_ERROR;
				CLANG_WARN_DOCUMENTATION_COMMENTS = YES;
				CLANG_WARN_EMPTY_BODY = YES;
				CLANG_WARN_ENUM_CONVERSION = YES;
				CLANG_WARN_INFINITE_RECURSION = YES;
				CLANG_WARN_INT_CONVERSION = YES;
				CLANG_WARN_NON_LITERAL_NULL_CONVERSION = YES;
				CLANG_WARN_OBJC_IMPLICIT_RETAIN_SELF = YES;
				CLANG_WARN_OBJC_LITERAL_CONVERSION = YES;
				CLANG_WARN_OBJC_ROOT_CLASS = YES_ERROR;
				CLANG_WARN_QUOTED_INCLUDE_IN_FRAMEWORK_HEADER = YES;
				CLANG_WARN_RANGE_LOOP_ANALYSIS = YES;
				CLANG_WARN_STRICT_PROTOTYPES = YES;
				CLANG_WARN_SUSPICIOUS_MOVE = YES;
				CLANG_WARN_UNGUARDED_AVAILABILITY = YES_AGGRESSIVE;
				CLANG_WARN_UNREACHABLE_CODE = YES;
				CLANG_WARN__DUPLICATE_METHOD_MATCH = YES;
				COPY_PHASE_STRIP = NO;
				DEBUG_INFORMATION_FORMAT = dwarf;
				ENABLE_STRICT_OBJC_MSGSEND = YES;
				ENABLE_TESTABILITY = YES;
				GCC_C_LANGUAGE_STANDARD = gnu11;
				GCC_DYNAMIC_NO_PIC = NO;
				GCC_NO_COMMON_BLOCKS = YES;
				GCC_OPTIMIZATION_LEVEL = 0;
				GCC_PREPROCESSOR_DEFINITIONS = (
					"DEBUG=1",
					"$(inherited)",
				);
				GCC_WARN_64_TO_32_BIT_CONVERSION = YES;
				GCC_WARN_ABOUT_RETURN_TYPE = YES_ERROR;
				GCC_WARN_UNDECLARED_SELECTOR = YES;
				GCC_WARN_UNINITIALIZED_AUTOS = YES_AGGRESSIVE;
				GCC_WARN_UNUSED_FUNCTION = YES;
				GCC_WARN_UNUSED_VARIABLE = YES;
				IPHONEOS_DEPLOYMENT_TARGET = 16.4;
				MTL_ENABLE_DEBUG_INFO = INCLUDE_SOURCE;
				MTL_FAST_MATH = YES;
				ONLY_ACTIVE_ARCH = YES;
				SDKROOT = iphoneos;
				SWIFT_ACTIVE_COMPILATION_CONDITIONS = DEBUG;
				SWIFT_OPTIMIZATION_LEVEL = "-Onone";
			};
			name = Debug;
		};
		8E83D2072C66AD1500DF00BC /* Release */ = {
			isa = XCBuildConfiguration;
			buildSettings = {
				ALWAYS_SEARCH_USER_PATHS = NO;
				CLANG_ANALYZER_NONNULL = YES;
				CLANG_ANALYZER_NUMBER_OBJECT_CONVERSION = YES_AGGRESSIVE;
				CLANG_CXX_LANGUAGE_STANDARD = "gnu++20";
				CLANG_ENABLE_MODULES = YES;
				CLANG_ENABLE_OBJC_ARC = YES;
				CLANG_ENABLE_OBJC_WEAK = YES;
				CLANG_WARN_BLOCK_CAPTURE_AUTORELEASING = YES;
				CLANG_WARN_BOOL_CONVERSION = YES;
				CLANG_WARN_COMMA = YES;
				CLANG_WARN_CONSTANT_CONVERSION = YES;
				CLANG_WARN_DEPRECATED_OBJC_IMPLEMENTATIONS = YES;
				CLANG_WARN_DIRECT_OBJC_ISA_USAGE = YES_ERROR;
				CLANG_WARN_DOCUMENTATION_COMMENTS = YES;
				CLANG_WARN_EMPTY_BODY = YES;
				CLANG_WARN_ENUM_CONVERSION = YES;
				CLANG_WARN_INFINITE_RECURSION = YES;
				CLANG_WARN_INT_CONVERSION = YES;
				CLANG_WARN_NON_LITERAL_NULL_CONVERSION = YES;
				CLANG_WARN_OBJC_IMPLICIT_RETAIN_SELF = YES;
				CLANG_WARN_OBJC_LITERAL_CONVERSION = YES;
				CLANG_WARN_OBJC_ROOT_CLASS = YES_ERROR;
				CLANG_WARN_QUOTED_INCLUDE_IN_FRAMEWORK_HEADER = YES;
				CLANG_WARN_RANGE_LOOP_ANALYSIS = YES;
				CLANG_WARN_STRICT_PROTOTYPES = YES;
				CLANG_WARN_SUSPICIOUS_MOVE = YES;
				CLANG_WARN_UNGUARDED_AVAILABILITY = YES_AGGRESSIVE;
				CLANG_WARN_UNREACHABLE_CODE = YES;
				CLANG_WARN__DUPLICATE_METHOD_MATCH = YES;
				COPY_PHASE_STRIP = NO;
				DEBUG_INFORMATION_FORMAT = "dwarf-with-dsym";
				ENABLE_NS_ASSERTIONS = NO;
				ENABLE_STRICT_OBJC_MSGSEND = YES;
				GCC_C_LANGUAGE_STANDARD = gnu11;
				GCC_NO_COMMON_BLOCKS = YES;
				GCC_WARN_64_TO_32_BIT_CONVERSION = YES;
				GCC_WARN_ABOUT_RETURN_TYPE = YES_ERROR;
				GCC_WARN_UNDECLARED_SELECTOR = YES;
				GCC_WARN_UNINITIALIZED_AUTOS = YES_AGGRESSIVE;
				GCC_WARN_UNUSED_FUNCTION = YES;
				GCC_WARN_UNUSED_VARIABLE = YES;
				IPHONEOS_DEPLOYMENT_TARGET = 16.4;
				MTL_ENABLE_DEBUG_INFO = NO;
				MTL_FAST_MATH = YES;
				SDKROOT = iphoneos;
				SWIFT_COMPILATION_MODE = wholemodule;
				SWIFT_OPTIMIZATION_LEVEL = "-O";
				VALIDATE_PRODUCT = YES;
			};
			name = Release;
		};
		8E83D2092C66AD1500DF00BC /* Debug */ = {
			isa = XCBuildConfiguration;
			buildSettings = {
				ASSETCATALOG_COMPILER_APPICON_NAME = AppIcon;
				ASSETCATALOG_COMPILER_GLOBAL_ACCENT_COLOR_NAME = AccentColor;
				CODE_SIGN_STYLE = Automatic;
				CURRENT_PROJECT_VERSION = 1;
				DEVELOPMENT_ASSET_PATHS = "\"Moexcalculator/Preview Content\"";
				DEVELOPMENT_TEAM = 5AZ59LLP74;
				ENABLE_PREVIEWS = YES;
				GENERATE_INFOPLIST_FILE = YES;
				INFOPLIST_KEY_UIApplicationSceneManifest_Generation = YES;
				INFOPLIST_KEY_UIApplicationSupportsIndirectInputEvents = YES;
				INFOPLIST_KEY_UILaunchScreen_Generation = YES;
				INFOPLIST_KEY_UISupportedInterfaceOrientations_iPad = "UIInterfaceOrientationPortrait UIInterfaceOrientationPortraitUpsideDown UIInterfaceOrientationLandscapeLeft UIInterfaceOrientationLandscapeRight";
				INFOPLIST_KEY_UISupportedInterfaceOrientations_iPhone = "UIInterfaceOrientationPortrait UIInterfaceOrientationLandscapeLeft UIInterfaceOrientationLandscapeRight";
				LD_RUNPATH_SEARCH_PATHS = (
					"$(inherited)",
					"@executable_path/Frameworks",
				);
				MARKETING_VERSION = 1.0;
				PRODUCT_BUNDLE_IDENTIFIER = ru.yandex.practicum.tracker.Moexcalculator;
				PRODUCT_NAME = "$(TARGET_NAME)";
				SWIFT_EMIT_LOC_STRINGS = YES;
				SWIFT_VERSION = 5.0;
				TARGETED_DEVICE_FAMILY = "1,2";
			};
			name = Debug;
		};
		8E83D20A2C66AD1500DF00BC /* Release */ = {
			isa = XCBuildConfiguration;
			buildSettings = {
				ASSETCATALOG_COMPILER_APPICON_NAME = AppIcon;
				ASSETCATALOG_COMPILER_GLOBAL_ACCENT_COLOR_NAME = AccentColor;
				CODE_SIGN_STYLE = Automatic;
				CURRENT_PROJECT_VERSION = 1;
				DEVELOPMENT_ASSET_PATHS = "\"Moexcalculator/Preview Content\"";
				DEVELOPMENT_TEAM = 5AZ59LLP74;
				ENABLE_PREVIEWS = YES;
				GENERATE_INFOPLIST_FILE = YES;
				INFOPLIST_KEY_UIApplicationSceneManifest_Generation = YES;
				INFOPLIST_KEY_UIApplicationSupportsIndirectInputEvents = YES;
				INFOPLIST_KEY_UILaunchScreen_Generation = YES;
				INFOPLIST_KEY_UISupportedInterfaceOrientations_iPad = "UIInterfaceOrientationPortrait UIInterfaceOrientationPortraitUpsideDown UIInterfaceOrientationLandscapeLeft UIInterfaceOrientationLandscapeRight";
				INFOPLIST_KEY_UISupportedInterfaceOrientations_iPhone = "UIInterfaceOrientationPortrait UIInterfaceOrientationLandscapeLeft UIInterfaceOrientationLandscapeRight";
				LD_RUNPATH_SEARCH_PATHS = (
					"$(inherited)",
					"@executable_path/Frameworks",
				);
				MARKETING_VERSION = 1.0;
				PRODUCT_BUNDLE_IDENTIFIER = ru.yandex.practicum.tracker.Moexcalculator;
				PRODUCT_NAME = "$(TARGET_NAME)";
				SWIFT_EMIT_LOC_STRINGS = YES;
				SWIFT_VERSION = 5.0;
				TARGETED_DEVICE_FAMILY = "1,2";
			};
			name = Release;
		};
/* End XCBuildConfiguration section */

/* Begin XCConfigurationList section */
		8E83D1F52C66AD1500DF00BC /* Build configuration list for PBXProject "Moexcalculator" */ = {
			isa = XCConfigurationList;
			buildConfigurations = (
				8E83D2062C66AD1500DF00BC /* Debug */,
				8E83D2072C66AD1500DF00BC /* Release */,
			);
			defaultConfigurationIsVisible = 0;
			defaultConfigurationName = Release;
		};
		8E83D2082C66AD1500DF00BC /* Build configuration list for PBXNativeTarget "Moexcalculator" */ = {
			isa = XCConfigurationList;
			buildConfigurations = (
				8E83D2092C66AD1500DF00BC /* Debug */,
				8E83D20A2C66AD1500DF00BC /* Release */,
			);
			defaultConfigurationIsVisible = 0;
			defaultConfigurationName = Release;
		};
/* End XCConfigurationList section */
	};
	rootObject = 8E83D1F22C66AD1500DF00BC /* Project object */;
}
